// !$*UTF8*$!
{
	archiveVersion = 1;
	classes = {
	};
	objectVersion = 46;
	objects = {

/* Begin PBXBuildFile section */
		3FCF6B25DF0B1F1797F17B25 /* Pods_FlixUITests.framework in Frameworks */ = {isa = PBXBuildFile; fileRef = 620C31EBA96F7B9F3A457413 /* Pods_FlixUITests.framework */; };
		938239731EFB1BEA0039AB61 /* AppDelegate.swift in Sources */ = {isa = PBXBuildFile; fileRef = 938239721EFB1BEA0039AB61 /* AppDelegate.swift */; };
		938239781EFB1BEA0039AB61 /* Main.storyboard in Resources */ = {isa = PBXBuildFile; fileRef = 938239761EFB1BEA0039AB61 /* Main.storyboard */; };
		9382397A1EFB1BEA0039AB61 /* Assets.xcassets in Resources */ = {isa = PBXBuildFile; fileRef = 938239791EFB1BEA0039AB61 /* Assets.xcassets */; };
		9382397D1EFB1BEA0039AB61 /* LaunchScreen.storyboard in Resources */ = {isa = PBXBuildFile; fileRef = 9382397B1EFB1BEA0039AB61 /* LaunchScreen.storyboard */; };
		938239881EFB1BEA0039AB61 /* FlixTests.swift in Sources */ = {isa = PBXBuildFile; fileRef = 938239871EFB1BEA0039AB61 /* FlixTests.swift */; };
		938239931EFB1BEA0039AB61 /* FlixUITests.swift in Sources */ = {isa = PBXBuildFile; fileRef = 938239921EFB1BEA0039AB61 /* FlixUITests.swift */; };
		938239A11EFB25510039AB61 /* NowPlayingViewController.swift in Sources */ = {isa = PBXBuildFile; fileRef = 938239A01EFB25510039AB61 /* NowPlayingViewController.swift */; };
		938239A31EFB37B80039AB61 /* MovieCell.swift in Sources */ = {isa = PBXBuildFile; fileRef = 938239A21EFB37B80039AB61 /* MovieCell.swift */; };
		938239A71EFB7E200039AB61 /* DetailViewController.swift in Sources */ = {isa = PBXBuildFile; fileRef = 938239A61EFB7E200039AB61 /* DetailViewController.swift */; };
		A428163AE1DCCAB0CD1EB54E /* Pods_FlixTests.framework in Frameworks */ = {isa = PBXBuildFile; fileRef = 7661DFC5CFA1E4BF28C4136F /* Pods_FlixTests.framework */; };
		F63E286196C63FF7312260CC /* Pods_Flix.framework in Frameworks */ = {isa = PBXBuildFile; fileRef = C1D33F62AE6A2EFFB37CEC76 /* Pods_Flix.framework */; };
/* End PBXBuildFile section */

/* Begin PBXContainerItemProxy section */
		938239841EFB1BEA0039AB61 /* PBXContainerItemProxy */ = {
			isa = PBXContainerItemProxy;
			containerPortal = 938239671EFB1BEA0039AB61 /* Project object */;
			proxyType = 1;
			remoteGlobalIDString = 9382396E1EFB1BEA0039AB61;
			remoteInfo = Flix;
		};
		9382398F1EFB1BEA0039AB61 /* PBXContainerItemProxy */ = {
			isa = PBXContainerItemProxy;
			containerPortal = 938239671EFB1BEA0039AB61 /* Project object */;
			proxyType = 1;
			remoteGlobalIDString = 9382396E1EFB1BEA0039AB61;
			remoteInfo = Flix;
		};
/* End PBXContainerItemProxy section */

/* Begin PBXFileReference section */
		0E2CFC581BB662E4EDA02C5D /* Pods-Flix.debug.xcconfig */ = {isa = PBXFileReference; includeInIndex = 1; lastKnownFileType = text.xcconfig; name = "Pods-Flix.debug.xcconfig"; path = "Pods/Target Support Files/Pods-Flix/Pods-Flix.debug.xcconfig"; sourceTree = "<group>"; };
		1746740EC02225AEE85BAF11 /* Pods-FlixUITests.debug.xcconfig */ = {isa = PBXFileReference; includeInIndex = 1; lastKnownFileType = text.xcconfig; name = "Pods-FlixUITests.debug.xcconfig"; path = "Pods/Target Support Files/Pods-FlixUITests/Pods-FlixUITests.debug.xcconfig"; sourceTree = "<group>"; };
		5871BC05DAA767B55DCAEDA3 /* Pods-Flix.release.xcconfig */ = {isa = PBXFileReference; includeInIndex = 1; lastKnownFileType = text.xcconfig; name = "Pods-Flix.release.xcconfig"; path = "Pods/Target Support Files/Pods-Flix/Pods-Flix.release.xcconfig"; sourceTree = "<group>"; };
		5BACE6FDD6B7C5A404CDD313 /* Pods-FlixTests.release.xcconfig */ = {isa = PBXFileReference; includeInIndex = 1; lastKnownFileType = text.xcconfig; name = "Pods-FlixTests.release.xcconfig"; path = "Pods/Target Support Files/Pods-FlixTests/Pods-FlixTests.release.xcconfig"; sourceTree = "<group>"; };
		5F4C1CD89CCAC99FD1DF35D6 /* Pods-FlixTests.debug.xcconfig */ = {isa = PBXFileReference; includeInIndex = 1; lastKnownFileType = text.xcconfig; name = "Pods-FlixTests.debug.xcconfig"; path = "Pods/Target Support Files/Pods-FlixTests/Pods-FlixTests.debug.xcconfig"; sourceTree = "<group>"; };
		620C31EBA96F7B9F3A457413 /* Pods_FlixUITests.framework */ = {isa = PBXFileReference; explicitFileType = wrapper.framework; includeInIndex = 0; path = Pods_FlixUITests.framework; sourceTree = BUILT_PRODUCTS_DIR; };
		7661DFC5CFA1E4BF28C4136F /* Pods_FlixTests.framework */ = {isa = PBXFileReference; explicitFileType = wrapper.framework; includeInIndex = 0; path = Pods_FlixTests.framework; sourceTree = BUILT_PRODUCTS_DIR; };
		9382396F1EFB1BEA0039AB61 /* Flix.app */ = {isa = PBXFileReference; explicitFileType = wrapper.application; includeInIndex = 0; path = Flix.app; sourceTree = BUILT_PRODUCTS_DIR; };
		938239721EFB1BEA0039AB61 /* AppDelegate.swift */ = {isa = PBXFileReference; lastKnownFileType = sourcecode.swift; path = AppDelegate.swift; sourceTree = "<group>"; };
		938239771EFB1BEA0039AB61 /* Base */ = {isa = PBXFileReference; lastKnownFileType = file.storyboard; name = Base; path = Base.lproj/Main.storyboard; sourceTree = "<group>"; };
		938239791EFB1BEA0039AB61 /* Assets.xcassets */ = {isa = PBXFileReference; lastKnownFileType = folder.assetcatalog; path = Assets.xcassets; sourceTree = "<group>"; };
		9382397C1EFB1BEA0039AB61 /* Base */ = {isa = PBXFileReference; lastKnownFileType = file.storyboard; name = Base; path = Base.lproj/LaunchScreen.storyboard; sourceTree = "<group>"; };
		9382397E1EFB1BEA0039AB61 /* Info.plist */ = {isa = PBXFileReference; lastKnownFileType = text.plist.xml; path = Info.plist; sourceTree = "<group>"; };
		938239831EFB1BEA0039AB61 /* FlixTests.xctest */ = {isa = PBXFileReference; explicitFileType = wrapper.cfbundle; includeInIndex = 0; path = FlixTests.xctest; sourceTree = BUILT_PRODUCTS_DIR; };
		938239871EFB1BEA0039AB61 /* FlixTests.swift */ = {isa = PBXFileReference; lastKnownFileType = sourcecode.swift; path = FlixTests.swift; sourceTree = "<group>"; };
		938239891EFB1BEA0039AB61 /* Info.plist */ = {isa = PBXFileReference; lastKnownFileType = text.plist.xml; path = Info.plist; sourceTree = "<group>"; };
		9382398E1EFB1BEA0039AB61 /* FlixUITests.xctest */ = {isa = PBXFileReference; explicitFileType = wrapper.cfbundle; includeInIndex = 0; path = FlixUITests.xctest; sourceTree = BUILT_PRODUCTS_DIR; };
		938239921EFB1BEA0039AB61 /* FlixUITests.swift */ = {isa = PBXFileReference; lastKnownFileType = sourcecode.swift; path = FlixUITests.swift; sourceTree = "<group>"; };
		938239941EFB1BEA0039AB61 /* Info.plist */ = {isa = PBXFileReference; lastKnownFileType = text.plist.xml; path = Info.plist; sourceTree = "<group>"; };
		938239A01EFB25510039AB61 /* NowPlayingViewController.swift */ = {isa = PBXFileReference; fileEncoding = 4; lastKnownFileType = sourcecode.swift; path = NowPlayingViewController.swift; sourceTree = "<group>"; };
		938239A21EFB37B80039AB61 /* MovieCell.swift */ = {isa = PBXFileReference; fileEncoding = 4; lastKnownFileType = sourcecode.swift; path = MovieCell.swift; sourceTree = "<group>"; };
		938239A61EFB7E200039AB61 /* DetailViewController.swift */ = {isa = PBXFileReference; fileEncoding = 4; lastKnownFileType = sourcecode.swift; path = DetailViewController.swift; sourceTree = "<group>"; };
		BCA87A5E748BF50A861A97B7 /* Pods-FlixUITests.release.xcconfig */ = {isa = PBXFileReference; includeInIndex = 1; lastKnownFileType = text.xcconfig; name = "Pods-FlixUITests.release.xcconfig"; path = "Pods/Target Support Files/Pods-FlixUITests/Pods-FlixUITests.release.xcconfig"; sourceTree = "<group>"; };
		C1D33F62AE6A2EFFB37CEC76 /* Pods_Flix.framework */ = {isa = PBXFileReference; explicitFileType = wrapper.framework; includeInIndex = 0; path = Pods_Flix.framework; sourceTree = BUILT_PRODUCTS_DIR; };
/* End PBXFileReference section */

/* Begin PBXFrameworksBuildPhase section */
		9382396C1EFB1BEA0039AB61 /* Frameworks */ = {
			isa = PBXFrameworksBuildPhase;
			buildActionMask = 2147483647;
			files = (
				F63E286196C63FF7312260CC /* Pods_Flix.framework in Frameworks */,
			);
			runOnlyForDeploymentPostprocessing = 0;
		};
		938239801EFB1BEA0039AB61 /* Frameworks */ = {
			isa = PBXFrameworksBuildPhase;
			buildActionMask = 2147483647;
			files = (
				A428163AE1DCCAB0CD1EB54E /* Pods_FlixTests.framework in Frameworks */,
			);
			runOnlyForDeploymentPostprocessing = 0;
		};
		9382398B1EFB1BEA0039AB61 /* Frameworks */ = {
			isa = PBXFrameworksBuildPhase;
			buildActionMask = 2147483647;
			files = (
				3FCF6B25DF0B1F1797F17B25 /* Pods_FlixUITests.framework in Frameworks */,
			);
			runOnlyForDeploymentPostprocessing = 0;
		};
/* End PBXFrameworksBuildPhase section */

/* Begin PBXGroup section */
		417878E27B1E9230CE580549 /* Pods */ = {
			isa = PBXGroup;
			children = (
				0E2CFC581BB662E4EDA02C5D /* Pods-Flix.debug.xcconfig */,
				5871BC05DAA767B55DCAEDA3 /* Pods-Flix.release.xcconfig */,
				5F4C1CD89CCAC99FD1DF35D6 /* Pods-FlixTests.debug.xcconfig */,
				5BACE6FDD6B7C5A404CDD313 /* Pods-FlixTests.release.xcconfig */,
				1746740EC02225AEE85BAF11 /* Pods-FlixUITests.debug.xcconfig */,
				BCA87A5E748BF50A861A97B7 /* Pods-FlixUITests.release.xcconfig */,
			);
			name = Pods;
			sourceTree = "<group>";
		};
		7AB45504881FAEE303D22924 /* Frameworks */ = {
			isa = PBXGroup;
			children = (
				C1D33F62AE6A2EFFB37CEC76 /* Pods_Flix.framework */,
				7661DFC5CFA1E4BF28C4136F /* Pods_FlixTests.framework */,
				620C31EBA96F7B9F3A457413 /* Pods_FlixUITests.framework */,
			);
			name = Frameworks;
			sourceTree = "<group>";
		};
		938239661EFB1BEA0039AB61 = {
			isa = PBXGroup;
			children = (
				938239711EFB1BEA0039AB61 /* Flix */,
				938239861EFB1BEA0039AB61 /* FlixTests */,
				938239911EFB1BEA0039AB61 /* FlixUITests */,
				938239701EFB1BEA0039AB61 /* Products */,
				417878E27B1E9230CE580549 /* Pods */,
				7AB45504881FAEE303D22924 /* Frameworks */,
			);
			sourceTree = "<group>";
		};
		938239701EFB1BEA0039AB61 /* Products */ = {
			isa = PBXGroup;
			children = (
				9382396F1EFB1BEA0039AB61 /* Flix.app */,
				938239831EFB1BEA0039AB61 /* FlixTests.xctest */,
				9382398E1EFB1BEA0039AB61 /* FlixUITests.xctest */,
			);
			name = Products;
			sourceTree = "<group>";
		};
		938239711EFB1BEA0039AB61 /* Flix */ = {
			isa = PBXGroup;
			children = (
				938239A51EFB7DD20039AB61 /* Views */,
				938239A41EFB7DBB0039AB61 /* ViewControllers */,
				938239721EFB1BEA0039AB61 /* AppDelegate.swift */,
				938239761EFB1BEA0039AB61 /* Main.storyboard */,
				938239791EFB1BEA0039AB61 /* Assets.xcassets */,
				9382397B1EFB1BEA0039AB61 /* LaunchScreen.storyboard */,
				9382397E1EFB1BEA0039AB61 /* Info.plist */,
			);
			path = Flix;
			sourceTree = "<group>";
		};
		938239861EFB1BEA0039AB61 /* FlixTests */ = {
			isa = PBXGroup;
			children = (
				938239871EFB1BEA0039AB61 /* FlixTests.swift */,
				938239891EFB1BEA0039AB61 /* Info.plist */,
			);
			path = FlixTests;
			sourceTree = "<group>";
		};
		938239911EFB1BEA0039AB61 /* FlixUITests */ = {
			isa = PBXGroup;
			children = (
				938239921EFB1BEA0039AB61 /* FlixUITests.swift */,
				938239941EFB1BEA0039AB61 /* Info.plist */,
			);
			path = FlixUITests;
			sourceTree = "<group>";
		};
		938239A41EFB7DBB0039AB61 /* ViewControllers */ = {
			isa = PBXGroup;
			children = (
				938239A01EFB25510039AB61 /* NowPlayingViewController.swift */,
				938239A61EFB7E200039AB61 /* DetailViewController.swift */,
			);
			name = ViewControllers;
			sourceTree = "<group>";
		};
		938239A51EFB7DD20039AB61 /* Views */ = {
			isa = PBXGroup;
			children = (
				938239A21EFB37B80039AB61 /* MovieCell.swift */,
			);
			name = Views;
			sourceTree = "<group>";
		};
/* End PBXGroup section */

/* Begin PBXNativeTarget section */
		9382396E1EFB1BEA0039AB61 /* Flix */ = {
			isa = PBXNativeTarget;
			buildConfigurationList = 938239971EFB1BEA0039AB61 /* Build configuration list for PBXNativeTarget "Flix" */;
			buildPhases = (
				23AAF57002FC740855E17E12 /* [CP] Check Pods Manifest.lock */,
				9382396B1EFB1BEA0039AB61 /* Sources */,
				9382396C1EFB1BEA0039AB61 /* Frameworks */,
				9382396D1EFB1BEA0039AB61 /* Resources */,
				331A0DE1FE600C9147DCB6FD /* [CP] Embed Pods Frameworks */,
				D4F0A9C23415462DA62B90FF /* [CP] Copy Pods Resources */,
			);
			buildRules = (
			);
			dependencies = (
			);
			name = Flix;
			productName = Flix;
			productReference = 9382396F1EFB1BEA0039AB61 /* Flix.app */;
			productType = "com.apple.product-type.application";
		};
		938239821EFB1BEA0039AB61 /* FlixTests */ = {
			isa = PBXNativeTarget;
			buildConfigurationList = 9382399A1EFB1BEA0039AB61 /* Build configuration list for PBXNativeTarget "FlixTests" */;
			buildPhases = (
				0E9E4366CAAAC3A4A373FA85 /* [CP] Check Pods Manifest.lock */,
				9382397F1EFB1BEA0039AB61 /* Sources */,
				938239801EFB1BEA0039AB61 /* Frameworks */,
				938239811EFB1BEA0039AB61 /* Resources */,
				98A6FC4F64F3C9D0ABF9140C /* [CP] Embed Pods Frameworks */,
				FD1712664B84A7D39B17C1C5 /* [CP] Copy Pods Resources */,
			);
			buildRules = (
			);
			dependencies = (
				938239851EFB1BEA0039AB61 /* PBXTargetDependency */,
			);
			name = FlixTests;
			productName = FlixTests;
			productReference = 938239831EFB1BEA0039AB61 /* FlixTests.xctest */;
			productType = "com.apple.product-type.bundle.unit-test";
		};
		9382398D1EFB1BEA0039AB61 /* FlixUITests */ = {
			isa = PBXNativeTarget;
			buildConfigurationList = 9382399D1EFB1BEA0039AB61 /* Build configuration list for PBXNativeTarget "FlixUITests" */;
			buildPhases = (
				FC298A5A91E75F95E40C68D6 /* [CP] Check Pods Manifest.lock */,
				9382398A1EFB1BEA0039AB61 /* Sources */,
				9382398B1EFB1BEA0039AB61 /* Frameworks */,
				9382398C1EFB1BEA0039AB61 /* Resources */,
				567F36446B864B3C3A0D3FC1 /* [CP] Embed Pods Frameworks */,
				3F5CC9F719F26ED5D45054F0 /* [CP] Copy Pods Resources */,
			);
			buildRules = (
			);
			dependencies = (
				938239901EFB1BEA0039AB61 /* PBXTargetDependency */,
			);
			name = FlixUITests;
			productName = FlixUITests;
			productReference = 9382398E1EFB1BEA0039AB61 /* FlixUITests.xctest */;
			productType = "com.apple.product-type.bundle.ui-testing";
		};
/* End PBXNativeTarget section */

/* Begin PBXProject section */
		938239671EFB1BEA0039AB61 /* Project object */ = {
			isa = PBXProject;
			attributes = {
				LastSwiftUpdateCheck = 0830;
				LastUpgradeCheck = 0830;
				ORGANIZATIONNAME = "Elan Halpern";
				TargetAttributes = {
					9382396E1EFB1BEA0039AB61 = {
						CreatedOnToolsVersion = 8.3.2;
						ProvisioningStyle = Automatic;
					};
					938239821EFB1BEA0039AB61 = {
						CreatedOnToolsVersion = 8.3.2;
						ProvisioningStyle = Automatic;
						TestTargetID = 9382396E1EFB1BEA0039AB61;
					};
					9382398D1EFB1BEA0039AB61 = {
						CreatedOnToolsVersion = 8.3.2;
						ProvisioningStyle = Automatic;
						TestTargetID = 9382396E1EFB1BEA0039AB61;
					};
				};
			};
			buildConfigurationList = 9382396A1EFB1BEA0039AB61 /* Build configuration list for PBXProject "Flix" */;
			compatibilityVersion = "Xcode 3.2";
			developmentRegion = English;
			hasScannedForEncodings = 0;
			knownRegions = (
				en,
				Base,
			);
			mainGroup = 938239661EFB1BEA0039AB61;
			productRefGroup = 938239701EFB1BEA0039AB61 /* Products */;
			projectDirPath = "";
			projectRoot = "";
			targets = (
				9382396E1EFB1BEA0039AB61 /* Flix */,
				938239821EFB1BEA0039AB61 /* FlixTests */,
				9382398D1EFB1BEA0039AB61 /* FlixUITests */,
			);
		};
/* End PBXProject section */

/* Begin PBXResourcesBuildPhase section */
		9382396D1EFB1BEA0039AB61 /* Resources */ = {
			isa = PBXResourcesBuildPhase;
			buildActionMask = 2147483647;
			files = (
				9382397D1EFB1BEA0039AB61 /* LaunchScreen.storyboard in Resources */,
				9382397A1EFB1BEA0039AB61 /* Assets.xcassets in Resources */,
				938239781EFB1BEA0039AB61 /* Main.storyboard in Resources */,
			);
			runOnlyForDeploymentPostprocessing = 0;
		};
		938239811EFB1BEA0039AB61 /* Resources */ = {
			isa = PBXResourcesBuildPhase;
			buildActionMask = 2147483647;
			files = (
			);
			runOnlyForDeploymentPostprocessing = 0;
		};
		9382398C1EFB1BEA0039AB61 /* Resources */ = {
			isa = PBXResourcesBuildPhase;
			buildActionMask = 2147483647;
			files = (
			);
			runOnlyForDeploymentPostprocessing = 0;
		};
/* End PBXResourcesBuildPhase section */

/* Begin PBXShellScriptBuildPhase section */
		0E9E4366CAAAC3A4A373FA85 /* [CP] Check Pods Manifest.lock */ = {
			isa = PBXShellScriptBuildPhase;
			buildActionMask = 2147483647;
			files = (
			);
			inputPaths = (
			);
			name = "[CP] Check Pods Manifest.lock";
			outputPaths = (
			);
			runOnlyForDeploymentPostprocessing = 0;
			shellPath = /bin/sh;
			shellScript = "diff \"${PODS_PODFILE_DIR_PATH}/Podfile.lock\" \"${PODS_ROOT}/Manifest.lock\" > /dev/null\nif [ $? != 0 ] ; then\n    # print error to STDERR\n    echo \"error: The sandbox is not in sync with the Podfile.lock. Run 'pod install' or update your CocoaPods installation.\" >&2\n    exit 1\nfi\n";
			showEnvVarsInLog = 0;
		};
		23AAF57002FC740855E17E12 /* [CP] Check Pods Manifest.lock */ = {
			isa = PBXShellScriptBuildPhase;
			buildActionMask = 2147483647;
			files = (
			);
			inputPaths = (
			);
			name = "[CP] Check Pods Manifest.lock";
			outputPaths = (
			);
			runOnlyForDeploymentPostprocessing = 0;
			shellPath = /bin/sh;
			shellScript = "diff \"${PODS_PODFILE_DIR_PATH}/Podfile.lock\" \"${PODS_ROOT}/Manifest.lock\" > /dev/null\nif [ $? != 0 ] ; then\n    # print error to STDERR\n    echo \"error: The sandbox is not in sync with the Podfile.lock. Run 'pod install' or update your CocoaPods installation.\" >&2\n    exit 1\nfi\n";
			showEnvVarsInLog = 0;
		};
		331A0DE1FE600C9147DCB6FD /* [CP] Embed Pods Frameworks */ = {
			isa = PBXShellScriptBuildPhase;
			buildActionMask = 2147483647;
			files = (
			);
			inputPaths = (
			);
			name = "[CP] Embed Pods Frameworks";
			outputPaths = (
			);
			runOnlyForDeploymentPostprocessing = 0;
			shellPath = /bin/sh;
			shellScript = "\"${SRCROOT}/Pods/Target Support Files/Pods-Flix/Pods-Flix-frameworks.sh\"\n";
			showEnvVarsInLog = 0;
		};
		3F5CC9F719F26ED5D45054F0 /* [CP] Copy Pods Resources */ = {
			isa = PBXShellScriptBuildPhase;
			buildActionMask = 2147483647;
			files = (
			);
			inputPaths = (
			);
			name = "[CP] Copy Pods Resources";
			outputPaths = (
			);
			runOnlyForDeploymentPostprocessing = 0;
			shellPath = /bin/sh;
			shellScript = "\"${SRCROOT}/Pods/Target Support Files/Pods-FlixUITests/Pods-FlixUITests-resources.sh\"\n";
			showEnvVarsInLog = 0;
		};
		567F36446B864B3C3A0D3FC1 /* [CP] Embed Pods Frameworks */ = {
			isa = PBXShellScriptBuildPhase;
			buildActionMask = 2147483647;
			files = (
			);
			inputPaths = (
			);
			name = "[CP] Embed Pods Frameworks";
			outputPaths = (
			);
			runOnlyForDeploymentPostprocessing = 0;
			shellPath = /bin/sh;
			shellScript = "\"${SRCROOT}/Pods/Target Support Files/Pods-FlixUITests/Pods-FlixUITests-frameworks.sh\"\n";
			showEnvVarsInLog = 0;
		};
		98A6FC4F64F3C9D0ABF9140C /* [CP] Embed Pods Frameworks */ = {
			isa = PBXShellScriptBuildPhase;
			buildActionMask = 2147483647;
			files = (
			);
			inputPaths = (
			);
			name = "[CP] Embed Pods Frameworks";
			outputPaths = (
			);
			runOnlyForDeploymentPostprocessing = 0;
			shellPath = /bin/sh;
			shellScript = "\"${SRCROOT}/Pods/Target Support Files/Pods-FlixTests/Pods-FlixTests-frameworks.sh\"\n";
			showEnvVarsInLog = 0;
		};
		D4F0A9C23415462DA62B90FF /* [CP] Copy Pods Resources */ = {
			isa = PBXShellScriptBuildPhase;
			buildActionMask = 2147483647;
			files = (
			);
			inputPaths = (
			);
			name = "[CP] Copy Pods Resources";
			outputPaths = (
			);
			runOnlyForDeploymentPostprocessing = 0;
			shellPath = /bin/sh;
			shellScript = "\"${SRCROOT}/Pods/Target Support Files/Pods-Flix/Pods-Flix-resources.sh\"\n";
			showEnvVarsInLog = 0;
		};
		FC298A5A91E75F95E40C68D6 /* [CP] Check Pods Manifest.lock */ = {
			isa = PBXShellScriptBuildPhase;
			buildActionMask = 2147483647;
			files = (
			);
			inputPaths = (
			);
			name = "[CP] Check Pods Manifest.lock";
			outputPaths = (
			);
			runOnlyForDeploymentPostprocessing = 0;
			shellPath = /bin/sh;
			shellScript = "diff \"${PODS_PODFILE_DIR_PATH}/Podfile.lock\" \"${PODS_ROOT}/Manifest.lock\" > /dev/null\nif [ $? != 0 ] ; then\n    # print error to STDERR\n    echo \"error: The sandbox is not in sync with the Podfile.lock. Run 'pod install' or update your CocoaPods installation.\" >&2\n    exit 1\nfi\n";
			showEnvVarsInLog = 0;
		};
		FD1712664B84A7D39B17C1C5 /* [CP] Copy Pods Resources */ = {
			isa = PBXShellScriptBuildPhase;
			buildActionMask = 2147483647;
			files = (
			);
			inputPaths = (
			);
			name = "[CP] Copy Pods Resources";
			outputPaths = (
			);
			runOnlyForDeploymentPostprocessing = 0;
			shellPath = /bin/sh;
			shellScript = "\"${SRCROOT}/Pods/Target Support Files/Pods-FlixTests/Pods-FlixTests-resources.sh\"\n";
			showEnvVarsInLog = 0;
		};
/* End PBXShellScriptBuildPhase section */

/* Begin PBXSourcesBuildPhase section */
		9382396B1EFB1BEA0039AB61 /* Sources */ = {
			isa = PBXSourcesBuildPhase;
			buildActionMask = 2147483647;
			files = (
				938239A11EFB25510039AB61 /* NowPlayingViewController.swift in Sources */,
				938239731EFB1BEA0039AB61 /* AppDelegate.swift in Sources */,
				938239A31EFB37B80039AB61 /* MovieCell.swift in Sources */,
				938239A71EFB7E200039AB61 /* DetailViewController.swift in Sources */,
			);
			runOnlyForDeploymentPostprocessing = 0;
		};
		9382397F1EFB1BEA0039AB61 /* Sources */ = {
			isa = PBXSourcesBuildPhase;
			buildActionMask = 2147483647;
			files = (
				938239881EFB1BEA0039AB61 /* FlixTests.swift in Sources */,
			);
			runOnlyForDeploymentPostprocessing = 0;
		};
		9382398A1EFB1BEA0039AB61 /* Sources */ = {
			isa = PBXSourcesBuildPhase;
			buildActionMask = 2147483647;
			files = (
				938239931EFB1BEA0039AB61 /* FlixUITests.swift in Sources */,
			);
			runOnlyForDeploymentPostprocessing = 0;
		};
/* End PBXSourcesBuildPhase section */

/* Begin PBXTargetDependency section */
		938239851EFB1BEA0039AB61 /* PBXTargetDependency */ = {
			isa = PBXTargetDependency;
			target = 9382396E1EFB1BEA0039AB61 /* Flix */;
			targetProxy = 938239841EFB1BEA0039AB61 /* PBXContainerItemProxy */;
		};
		938239901EFB1BEA0039AB61 /* PBXTargetDependency */ = {
			isa = PBXTargetDependency;
			target = 9382396E1EFB1BEA0039AB61 /* Flix */;
			targetProxy = 9382398F1EFB1BEA0039AB61 /* PBXContainerItemProxy */;
		};
/* End PBXTargetDependency section */

/* Begin PBXVariantGroup section */
		938239761EFB1BEA0039AB61 /* Main.storyboard */ = {
			isa = PBXVariantGroup;
			children = (
				938239771EFB1BEA0039AB61 /* Base */,
			);
			name = Main.storyboard;
			sourceTree = "<group>";
		};
		9382397B1EFB1BEA0039AB61 /* LaunchScreen.storyboard */ = {
			isa = PBXVariantGroup;
			children = (
				9382397C1EFB1BEA0039AB61 /* Base */,
			);
			name = LaunchScreen.storyboard;
			sourceTree = "<group>";
		};
/* End PBXVariantGroup section */

/* Begin XCBuildConfiguration section */
		938239951EFB1BEA0039AB61 /* Debug */ = {
			isa = XCBuildConfiguration;
			buildSettings = {
				ALWAYS_SEARCH_USER_PATHS = NO;
				CLANG_ANALYZER_NONNULL = YES;
				CLANG_ANALYZER_NUMBER_OBJECT_CONVERSION = YES_AGGRESSIVE;
				CLANG_CXX_LANGUAGE_STANDARD = "gnu++0x";
				CLANG_CXX_LIBRARY = "libc++";
				CLANG_ENABLE_MODULES = YES;
				CLANG_ENABLE_OBJC_ARC = YES;
				CLANG_WARN_BOOL_CONVERSION = YES;
				CLANG_WARN_CONSTANT_CONVERSION = YES;
				CLANG_WARN_DIRECT_OBJC_ISA_USAGE = YES_ERROR;
				CLANG_WARN_DOCUMENTATION_COMMENTS = YES;
				CLANG_WARN_EMPTY_BODY = YES;
				CLANG_WARN_ENUM_CONVERSION = YES;
				CLANG_WARN_INFINITE_RECURSION = YES;
				CLANG_WARN_INT_CONVERSION = YES;
				CLANG_WARN_OBJC_ROOT_CLASS = YES_ERROR;
				CLANG_WARN_SUSPICIOUS_MOVE = YES;
				CLANG_WARN_UNREACHABLE_CODE = YES;
				CLANG_WARN__DUPLICATE_METHOD_MATCH = YES;
				"CODE_SIGN_IDENTITY[sdk=iphoneos*]" = "iPhone Developer";
				COPY_PHASE_STRIP = NO;
				DEBUG_INFORMATION_FORMAT = dwarf;
				ENABLE_STRICT_OBJC_MSGSEND = YES;
				ENABLE_TESTABILITY = YES;
				GCC_C_LANGUAGE_STANDARD = gnu99;
				GCC_DYNAMIC_NO_PIC = NO;
				GCC_NO_COMMON_BLOCKS = YES;
				GCC_OPTIMIZATION_LEVEL = 0;
				GCC_PREPROCESSOR_DEFINITIONS = (
					"DEBUG=1",
					"$(inherited)",
				);
				GCC_WARN_64_TO_32_BIT_CONVERSION = YES;
				GCC_WARN_ABOUT_RETURN_TYPE = YES_ERROR;
				GCC_WARN_UNDECLARED_SELECTOR = YES;
				GCC_WARN_UNINITIALIZED_AUTOS = YES_AGGRESSIVE;
				GCC_WARN_UNUSED_FUNCTION = YES;
				GCC_WARN_UNUSED_VARIABLE = YES;
				IPHONEOS_DEPLOYMENT_TARGET = 10.3;
				MTL_ENABLE_DEBUG_INFO = YES;
				ONLY_ACTIVE_ARCH = YES;
				SDKROOT = iphoneos;
				SWIFT_ACTIVE_COMPILATION_CONDITIONS = DEBUG;
				SWIFT_OPTIMIZATION_LEVEL = "-Onone";
			};
			name = Debug;
		};
		938239961EFB1BEA0039AB61 /* Release */ = {
			isa = XCBuildConfiguration;
			buildSettings = {
				ALWAYS_SEARCH_USER_PATHS = NO;
				CLANG_ANALYZER_NONNULL = YES;
				CLANG_ANALYZER_NUMBER_OBJECT_CONVERSION = YES_AGGRESSIVE;
				CLANG_CXX_LANGUAGE_STANDARD = "gnu++0x";
				CLANG_CXX_LIBRARY = "libc++";
				CLANG_ENABLE_MODULES = YES;
				CLANG_ENABLE_OBJC_ARC = YES;
				CLANG_WARN_BOOL_CONVERSION = YES;
				CLANG_WARN_CONSTANT_CONVERSION = YES;
				CLANG_WARN_DIRECT_OBJC_ISA_USAGE = YES_ERROR;
				CLANG_WARN_DOCUMENTATION_COMMENTS = YES;
				CLANG_WARN_EMPTY_BODY = YES;
				CLANG_WARN_ENUM_CONVERSION = YES;
				CLANG_WARN_INFINITE_RECURSION = YES;
				CLANG_WARN_INT_CONVERSION = YES;
				CLANG_WARN_OBJC_ROOT_CLASS = YES_ERROR;
				CLANG_WARN_SUSPICIOUS_MOVE = YES;
				CLANG_WARN_UNREACHABLE_CODE = YES;
				CLANG_WARN__DUPLICATE_METHOD_MATCH = YES;
				"CODE_SIGN_IDENTITY[sdk=iphoneos*]" = "iPhone Developer";
				COPY_PHASE_STRIP = NO;
				DEBUG_INFORMATION_FORMAT = "dwarf-with-dsym";
				ENABLE_NS_ASSERTIONS = NO;
				ENABLE_STRICT_OBJC_MSGSEND = YES;
				GCC_C_LANGUAGE_STANDARD = gnu99;
				GCC_NO_COMMON_BLOCKS = YES;
				GCC_WARN_64_TO_32_BIT_CONVERSION = YES;
				GCC_WARN_ABOUT_RETURN_TYPE = YES_ERROR;
				GCC_WARN_UNDECLARED_SELECTOR = YES;
				GCC_WARN_UNINITIALIZED_AUTOS = YES_AGGRESSIVE;
				GCC_WARN_UNUSED_FUNCTION = YES;
				GCC_WARN_UNUSED_VARIABLE = YES;
				IPHONEOS_DEPLOYMENT_TARGET = 10.3;
				MTL_ENABLE_DEBUG_INFO = NO;
				SDKROOT = iphoneos;
				SWIFT_OPTIMIZATION_LEVEL = "-Owholemodule";
				VALIDATE_PRODUCT = YES;
			};
			name = Release;
		};
		938239981EFB1BEA0039AB61 /* Debug */ = {
			isa = XCBuildConfiguration;
			baseConfigurationReference = 0E2CFC581BB662E4EDA02C5D /* Pods-Flix.debug.xcconfig */;
			buildSettings = {
				ASSETCATALOG_COMPILER_APPICON_NAME = AppIcon;
				INFOPLIST_FILE = Flix/Info.plist;
				LD_RUNPATH_SEARCH_PATHS = "$(inherited) @executable_path/Frameworks";
				PRODUCT_BUNDLE_IDENTIFIER = com.elan.Flix;
				PRODUCT_NAME = "$(TARGET_NAME)";
				SWIFT_VERSION = 3.0;
			};
			name = Debug;
		};
		938239991EFB1BEA0039AB61 /* Release */ = {
			isa = XCBuildConfiguration;
			baseConfigurationReference = 5871BC05DAA767B55DCAEDA3 /* Pods-Flix.release.xcconfig */;
			buildSettings = {
				ASSETCATALOG_COMPILER_APPICON_NAME = AppIcon;
				INFOPLIST_FILE = Flix/Info.plist;
				LD_RUNPATH_SEARCH_PATHS = "$(inherited) @executable_path/Frameworks";
				PRODUCT_BUNDLE_IDENTIFIER = com.elan.Flix;
				PRODUCT_NAME = "$(TARGET_NAME)";
				SWIFT_VERSION = 3.0;
			};
			name = Release;
		};
		9382399B1EFB1BEA0039AB61 /* Debug */ = {
			isa = XCBuildConfiguration;
			baseConfigurationReference = 5F4C1CD89CCAC99FD1DF35D6 /* Pods-FlixTests.debug.xcconfig */;
			buildSettings = {
				ALWAYS_EMBED_SWIFT_STANDARD_LIBRARIES = YES;
				BUNDLE_LOADER = "$(TEST_HOST)";
				INFOPLIST_FILE = FlixTests/Info.plist;
				LD_RUNPATH_SEARCH_PATHS = "$(inherited) @executable_path/Frameworks @loader_path/Frameworks";
				PRODUCT_BUNDLE_IDENTIFIER = com.elan.FlixTests;
				PRODUCT_NAME = "$(TARGET_NAME)";
				SWIFT_VERSION = 3.0;
				TEST_HOST = "$(BUILT_PRODUCTS_DIR)/Flix.app/Flix";
			};
			name = Debug;
		};
		9382399C1EFB1BEA0039AB61 /* Release */ = {
			isa = XCBuildConfiguration;
			baseConfigurationReference = 5BACE6FDD6B7C5A404CDD313 /* Pods-FlixTests.release.xcconfig */;
			buildSettings = {
				ALWAYS_EMBED_SWIFT_STANDARD_LIBRARIES = YES;
				BUNDLE_LOADER = "$(TEST_HOST)";
				INFOPLIST_FILE = FlixTests/Info.plist;
				LD_RUNPATH_SEARCH_PATHS = "$(inherited) @executable_path/Frameworks @loader_path/Frameworks";
				PRODUCT_BUNDLE_IDENTIFIER = com.elan.FlixTests;
				PRODUCT_NAME = "$(TARGET_NAME)";
				SWIFT_VERSION = 3.0;
				TEST_HOST = "$(BUILT_PRODUCTS_DIR)/Flix.app/Flix";
			};
			name = Release;
		};
		9382399E1EFB1BEA0039AB61 /* Debug */ = {
			isa = XCBuildConfiguration;
			baseConfigurationReference = 1746740EC02225AEE85BAF11 /* Pods-FlixUITests.debug.xcconfig */;
			buildSettings = {
				ALWAYS_EMBED_SWIFT_STANDARD_LIBRARIES = YES;
				INFOPLIST_FILE = FlixUITests/Info.plist;
				LD_RUNPATH_SEARCH_PATHS = "$(inherited) @executable_path/Frameworks @loader_path/Frameworks";
				PRODUCT_BUNDLE_IDENTIFIER = com.elan.FlixUITests;
				PRODUCT_NAME = "$(TARGET_NAME)";
				SWIFT_VERSION = 3.0;
				TEST_TARGET_NAME = Flix;
			};
			name = Debug;
		};
		9382399F1EFB1BEA0039AB61 /* Release */ = {
			isa = XCBuildConfiguration;
			baseConfigurationReference = BCA87A5E748BF50A861A97B7 /* Pods-FlixUITests.release.xcconfig */;
			buildSettings = {
				ALWAYS_EMBED_SWIFT_STANDARD_LIBRARIES = YES;
				INFOPLIST_FILE = FlixUITests/Info.plist;
				LD_RUNPATH_SEARCH_PATHS = "$(inherited) @executable_path/Frameworks @loader_path/Frameworks";
				PRODUCT_BUNDLE_IDENTIFIER = com.elan.FlixUITests;
				PRODUCT_NAME = "$(TARGET_NAME)";
				SWIFT_VERSION = 3.0;
				TEST_TARGET_NAME = Flix;
			};
			name = Release;
		};
/* End XCBuildConfiguration section */

/* Begin XCConfigurationList section */
		9382396A1EFB1BEA0039AB61 /* Build configuration list for PBXProject "Flix" */ = {
			isa = XCConfigurationList;
			buildConfigurations = (
				938239951EFB1BEA0039AB61 /* Debug */,
				938239961EFB1BEA0039AB61 /* Release */,
			);
			defaultConfigurationIsVisible = 0;
			defaultConfigurationName = Release;
		};
		938239971EFB1BEA0039AB61 /* Build configuration list for PBXNativeTarget "Flix" */ = {
			isa = XCConfigurationList;
			buildConfigurations = (
				938239981EFB1BEA0039AB61 /* Debug */,
				938239991EFB1BEA0039AB61 /* Release */,
			);
			defaultConfigurationIsVisible = 0;
			defaultConfigurationName = Release;
		};
		9382399A1EFB1BEA0039AB61 /* Build configuration list for PBXNativeTarget "FlixTests" */ = {
			isa = XCConfigurationList;
			buildConfigurations = (
				9382399B1EFB1BEA0039AB61 /* Debug */,
				9382399C1EFB1BEA0039AB61 /* Release */,
			);
			defaultConfigurationIsVisible = 0;
			defaultConfigurationName = Release;
		};
		9382399D1EFB1BEA0039AB61 /* Build configuration list for PBXNativeTarget "FlixUITests" */ = {
			isa = XCConfigurationList;
			buildConfigurations = (
				9382399E1EFB1BEA0039AB61 /* Debug */,
				9382399F1EFB1BEA0039AB61 /* Release */,
			);
			defaultConfigurationIsVisible = 0;
			defaultConfigurationName = Release;
		};
/* End XCConfigurationList section */
	};
	rootObject = 938239671EFB1BEA0039AB61 /* Project object */;
}
